// !$*UTF8*$!
{
	archiveVersion = 1;
	classes = {
	};
	objectVersion = 56;
	objects = {

/* Begin PBXBuildFile section */
		FFA73F092C87BF4C00631D21 /* XcodeEnvSetupApp.swift in Sources */ = {isa = PBXBuildFile; fileRef = FFA73F082C87BF4C00631D21 /* XcodeEnvSetupApp.swift */; };
		FFA73F0B2C87BF4C00631D21 /* ContentView.swift in Sources */ = {isa = PBXBuildFile; fileRef = FFA73F0A2C87BF4C00631D21 /* ContentView.swift */; };
		FFA73F0D2C87BF4D00631D21 /* Assets.xcassets in Resources */ = {isa = PBXBuildFile; fileRef = FFA73F0C2C87BF4D00631D21 /* Assets.xcassets */; };
		FFA73F112C87BF4D00631D21 /* Preview Assets.xcassets in Resources */ = {isa = PBXBuildFile; fileRef = FFA73F102C87BF4D00631D21 /* Preview Assets.xcassets */; };
		FFA73F1B2C87BF4E00631D21 /* XcodeEnvSetupTests.swift in Sources */ = {isa = PBXBuildFile; fileRef = FFA73F1A2C87BF4E00631D21 /* XcodeEnvSetupTests.swift */; };
		FFA73F252C87BF4E00631D21 /* XcodeEnvSetupUITests.swift in Sources */ = {isa = PBXBuildFile; fileRef = FFA73F242C87BF4E00631D21 /* XcodeEnvSetupUITests.swift */; };
		FFA73F272C87BF4E00631D21 /* XcodeEnvSetupUITestsLaunchTests.swift in Sources */ = {isa = PBXBuildFile; fileRef = FFA73F262C87BF4E00631D21 /* XcodeEnvSetupUITestsLaunchTests.swift */; };
		FFA73F352C87BF6C00631D21 /* README.md in Resources */ = {isa = PBXBuildFile; fileRef = FFA73F332C87BF6B00631D21 /* README.md */; };
		FFA73F362C87BF6C00631D21 /* LICENSE in Resources */ = {isa = PBXBuildFile; fileRef = FFA73F342C87BF6C00631D21 /* LICENSE */; };
/* End PBXBuildFile section */

/* Begin PBXContainerItemProxy section */
		FFA73F172C87BF4E00631D21 /* PBXContainerItemProxy */ = {
			isa = PBXContainerItemProxy;
			containerPortal = FFA73EFD2C87BF4B00631D21 /* Project object */;
			proxyType = 1;
			remoteGlobalIDString = FFA73F042C87BF4C00631D21;
			remoteInfo = XcodeEnvSetup;
		};
		FFA73F212C87BF4E00631D21 /* PBXContainerItemProxy */ = {
			isa = PBXContainerItemProxy;
			containerPortal = FFA73EFD2C87BF4B00631D21 /* Project object */;
			proxyType = 1;
			remoteGlobalIDString = FFA73F042C87BF4C00631D21;
			remoteInfo = XcodeEnvSetup;
		};
/* End PBXContainerItemProxy section */

/* Begin PBXFileReference section */
		372C9AEA2C87D22700B8E5FC /* rayandas.md */ = {isa = PBXFileReference; lastKnownFileType = net.daringfireball.markdown; path = rayandas.md; sourceTree = "<group>"; };
		479BD5CB2C88B349000E7BF1 /* hadi.md */ = {isa = PBXFileReference; lastKnownFileType = net.daringfireball.markdown; path = hadi.md; sourceTree = "<group>"; };
		849B77462C9365710086AB21 /* xingliu.md */ = {isa = PBXFileReference; lastKnownFileType = net.daringfireball.markdown; path = xingliu.md; sourceTree = "<group>"; };
		7C0C08F12C910F340003B132 /* andreyfernandez.md */ = {isa = PBXFileReference; lastKnownFileType = net.daringfireball.markdown; path = andreyfernandez.md; sourceTree = "<group>"; };
		DBD3BA412C87D1E100916079 /* jadacrockett.md */ = {isa = PBXFileReference; lastKnownFileType = net.daringfireball.markdown; path = jadacrockett.md; sourceTree = "<group>"; };
		FFA73F052C87BF4C00631D21 /* XcodeEnvSetup.app */ = {isa = PBXFileReference; explicitFileType = wrapper.application; includeInIndex = 0; path = XcodeEnvSetup.app; sourceTree = BUILT_PRODUCTS_DIR; };
		FFA73F082C87BF4C00631D21 /* XcodeEnvSetupApp.swift */ = {isa = PBXFileReference; lastKnownFileType = sourcecode.swift; path = XcodeEnvSetupApp.swift; sourceTree = "<group>"; };
		FFA73F0A2C87BF4C00631D21 /* ContentView.swift */ = {isa = PBXFileReference; lastKnownFileType = sourcecode.swift; path = ContentView.swift; sourceTree = "<group>"; };
		FFA73F0C2C87BF4D00631D21 /* Assets.xcassets */ = {isa = PBXFileReference; lastKnownFileType = folder.assetcatalog; path = Assets.xcassets; sourceTree = "<group>"; };
		FFA73F0E2C87BF4D00631D21 /* XcodeEnvSetup.entitlements */ = {isa = PBXFileReference; lastKnownFileType = text.plist.entitlements; path = XcodeEnvSetup.entitlements; sourceTree = "<group>"; };
		FFA73F102C87BF4D00631D21 /* Preview Assets.xcassets */ = {isa = PBXFileReference; lastKnownFileType = folder.assetcatalog; path = "Preview Assets.xcassets"; sourceTree = "<group>"; };
		FFA73F162C87BF4E00631D21 /* XcodeEnvSetupTests.xctest */ = {isa = PBXFileReference; explicitFileType = wrapper.cfbundle; includeInIndex = 0; path = XcodeEnvSetupTests.xctest; sourceTree = BUILT_PRODUCTS_DIR; };
		FFA73F1A2C87BF4E00631D21 /* XcodeEnvSetupTests.swift */ = {isa = PBXFileReference; lastKnownFileType = sourcecode.swift; path = XcodeEnvSetupTests.swift; sourceTree = "<group>"; };
		FFA73F202C87BF4E00631D21 /* XcodeEnvSetupUITests.xctest */ = {isa = PBXFileReference; explicitFileType = wrapper.cfbundle; includeInIndex = 0; path = XcodeEnvSetupUITests.xctest; sourceTree = BUILT_PRODUCTS_DIR; };
		FFA73F242C87BF4E00631D21 /* XcodeEnvSetupUITests.swift */ = {isa = PBXFileReference; lastKnownFileType = sourcecode.swift; path = XcodeEnvSetupUITests.swift; sourceTree = "<group>"; };
		FFA73F262C87BF4E00631D21 /* XcodeEnvSetupUITestsLaunchTests.swift */ = {isa = PBXFileReference; lastKnownFileType = sourcecode.swift; path = XcodeEnvSetupUITestsLaunchTests.swift; sourceTree = "<group>"; };
		FFA73F332C87BF6B00631D21 /* README.md */ = {isa = PBXFileReference; fileEncoding = 4; lastKnownFileType = net.daringfireball.markdown; path = README.md; sourceTree = SOURCE_ROOT; };
		FFA73F342C87BF6C00631D21 /* LICENSE */ = {isa = PBXFileReference; fileEncoding = 4; lastKnownFileType = text; path = LICENSE; sourceTree = SOURCE_ROOT; };
		FFA73F372C87BF8400631D21 /* noahsadir.md */ = {isa = PBXFileReference; lastKnownFileType = net.daringfireball.markdown; path = noahsadir.md; sourceTree = "<group>"; };
/* End PBXFileReference section */

/* Begin PBXFrameworksBuildPhase section */
		FFA73F022C87BF4C00631D21 /* Frameworks */ = {
			isa = PBXFrameworksBuildPhase;
			buildActionMask = 2147483647;
			files = (
			);
			runOnlyForDeploymentPostprocessing = 0;
		};
		FFA73F132C87BF4E00631D21 /* Frameworks */ = {
			isa = PBXFrameworksBuildPhase;
			buildActionMask = 2147483647;
			files = (
			);
			runOnlyForDeploymentPostprocessing = 0;
		};
		FFA73F1D2C87BF4E00631D21 /* Frameworks */ = {
			isa = PBXFrameworksBuildPhase;
			buildActionMask = 2147483647;
			files = (
			);
			runOnlyForDeploymentPostprocessing = 0;
		};
/* End PBXFrameworksBuildPhase section */

/* Begin PBXGroup section */
		FFA73EFC2C87BF4B00631D21 = {
			isa = PBXGroup;
			children = (
				FFA73F072C87BF4C00631D21 /* XcodeEnvSetup */,
				FFA73F192C87BF4E00631D21 /* XcodeEnvSetupTests */,
				FFA73F232C87BF4E00631D21 /* XcodeEnvSetupUITests */,
				FFA73F062C87BF4C00631D21 /* Products */,
			);
			sourceTree = "<group>";
		};
		FFA73F062C87BF4C00631D21 /* Products */ = {
			isa = PBXGroup;
			children = (
				FFA73F052C87BF4C00631D21 /* XcodeEnvSetup.app */,
				FFA73F162C87BF4E00631D21 /* XcodeEnvSetupTests.xctest */,
				FFA73F202C87BF4E00631D21 /* XcodeEnvSetupUITests.xctest */,
			);
			name = Products;
			sourceTree = "<group>";
		};
		FFA73F072C87BF4C00631D21 /* XcodeEnvSetup */ = {
			isa = PBXGroup;
			children = (
				FFA73F082C87BF4C00631D21 /* XcodeEnvSetupApp.swift */,
				FFA73F0A2C87BF4C00631D21 /* ContentView.swift */,
				FFA73F0C2C87BF4D00631D21 /* Assets.xcassets */,
				FFA73F0E2C87BF4D00631D21 /* XcodeEnvSetup.entitlements */,
				FFA73F342C87BF6C00631D21 /* LICENSE */,
				FFA73F332C87BF6B00631D21 /* README.md */,
				FFA73F372C87BF8400631D21 /* noahsadir.md */,
				372C9AEA2C87D22700B8E5FC /* rayandas.md */,
				DBD3BA412C87D1E100916079 /* jadacrockett.md */,
				FFA73F0F2C87BF4D00631D21 /* Preview Content */,
				479BD5CB2C88B349000E7BF1 /* hadi.md */,
				849B77462C9365710086AB21 /* xingliu.md */,
				7C0C08F12C910F340003B132 /* andreyfernandez.md */
			);
			path = XcodeEnvSetup;
			sourceTree = "<group>";
		};
		FFA73F0F2C87BF4D00631D21 /* Preview Content */ = {
			isa = PBXGroup;
			children = (
				FFA73F102C87BF4D00631D21 /* Preview Assets.xcassets */,
			);
			path = "Preview Content";
			sourceTree = "<group>";
		};
		FFA73F192C87BF4E00631D21 /* XcodeEnvSetupTests */ = {
			isa = PBXGroup;
			children = (
				FFA73F1A2C87BF4E00631D21 /* XcodeEnvSetupTests.swift */,
			);
			path = XcodeEnvSetupTests;
			sourceTree = "<group>";
		};
		FFA73F232C87BF4E00631D21 /* XcodeEnvSetupUITests */ = {
			isa = PBXGroup;
			children = (
				FFA73F242C87BF4E00631D21 /* XcodeEnvSetupUITests.swift */,
				FFA73F262C87BF4E00631D21 /* XcodeEnvSetupUITestsLaunchTests.swift */,
			);
			path = XcodeEnvSetupUITests;
			sourceTree = "<group>";
		};
/* End PBXGroup section */

/* Begin PBXNativeTarget section */
		FFA73F042C87BF4C00631D21 /* XcodeEnvSetup */ = {
			isa = PBXNativeTarget;
			buildConfigurationList = FFA73F2A2C87BF4E00631D21 /* Build configuration list for PBXNativeTarget "XcodeEnvSetup" */;
			buildPhases = (
				FFA73F012C87BF4C00631D21 /* Sources */,
				FFA73F022C87BF4C00631D21 /* Frameworks */,
				FFA73F032C87BF4C00631D21 /* Resources */,
			);
			buildRules = (
			);
			dependencies = (
			);
			name = XcodeEnvSetup;
			productName = XcodeEnvSetup;
			productReference = FFA73F052C87BF4C00631D21 /* XcodeEnvSetup.app */;
			productType = "com.apple.product-type.application";
		};
		FFA73F152C87BF4E00631D21 /* XcodeEnvSetupTests */ = {
			isa = PBXNativeTarget;
			buildConfigurationList = FFA73F2D2C87BF4E00631D21 /* Build configuration list for PBXNativeTarget "XcodeEnvSetupTests" */;
			buildPhases = (
				FFA73F122C87BF4E00631D21 /* Sources */,
				FFA73F132C87BF4E00631D21 /* Frameworks */,
				FFA73F142C87BF4E00631D21 /* Resources */,
			);
			buildRules = (
			);
			dependencies = (
				FFA73F182C87BF4E00631D21 /* PBXTargetDependency */,
			);
			name = XcodeEnvSetupTests;
			productName = XcodeEnvSetupTests;
			productReference = FFA73F162C87BF4E00631D21 /* XcodeEnvSetupTests.xctest */;
			productType = "com.apple.product-type.bundle.unit-test";
		};
		FFA73F1F2C87BF4E00631D21 /* XcodeEnvSetupUITests */ = {
			isa = PBXNativeTarget;
			buildConfigurationList = FFA73F302C87BF4E00631D21 /* Build configuration list for PBXNativeTarget "XcodeEnvSetupUITests" */;
			buildPhases = (
				FFA73F1C2C87BF4E00631D21 /* Sources */,
				FFA73F1D2C87BF4E00631D21 /* Frameworks */,
				FFA73F1E2C87BF4E00631D21 /* Resources */,
			);
			buildRules = (
			);
			dependencies = (
				FFA73F222C87BF4E00631D21 /* PBXTargetDependency */,
			);
			name = XcodeEnvSetupUITests;
			productName = XcodeEnvSetupUITests;
			productReference = FFA73F202C87BF4E00631D21 /* XcodeEnvSetupUITests.xctest */;
			productType = "com.apple.product-type.bundle.ui-testing";
		};
/* End PBXNativeTarget section */

/* Begin PBXProject section */
		FFA73EFD2C87BF4B00631D21 /* Project object */ = {
			isa = PBXProject;
			attributes = {
				BuildIndependentTargetsInParallel = 1;
				LastSwiftUpdateCheck = 1540;
				LastUpgradeCheck = 1540;
				TargetAttributes = {
					FFA73F042C87BF4C00631D21 = {
						CreatedOnToolsVersion = 15.4;
					};
					FFA73F152C87BF4E00631D21 = {
						CreatedOnToolsVersion = 15.4;
						TestTargetID = FFA73F042C87BF4C00631D21;
					};
					FFA73F1F2C87BF4E00631D21 = {
						CreatedOnToolsVersion = 15.4;
						TestTargetID = FFA73F042C87BF4C00631D21;
					};
				};
			};
			buildConfigurationList = FFA73F002C87BF4B00631D21 /* Build configuration list for PBXProject "XcodeEnvSetup" */;
			compatibilityVersion = "Xcode 14.0";
			developmentRegion = en;
			hasScannedForEncodings = 0;
			knownRegions = (
				en,
				Base,
			);
			mainGroup = FFA73EFC2C87BF4B00631D21;
			productRefGroup = FFA73F062C87BF4C00631D21 /* Products */;
			projectDirPath = "";
			projectRoot = "";
			targets = (
				FFA73F042C87BF4C00631D21 /* XcodeEnvSetup */,
				FFA73F152C87BF4E00631D21 /* XcodeEnvSetupTests */,
				FFA73F1F2C87BF4E00631D21 /* XcodeEnvSetupUITests */,
			);
		};
/* End PBXProject section */

/* Begin PBXResourcesBuildPhase section */
		FFA73F032C87BF4C00631D21 /* Resources */ = {
			isa = PBXResourcesBuildPhase;
			buildActionMask = 2147483647;
			files = (
				FFA73F352C87BF6C00631D21 /* README.md in Resources */,
				FFA73F112C87BF4D00631D21 /* Preview Assets.xcassets in Resources */,
				FFA73F362C87BF6C00631D21 /* LICENSE in Resources */,
				FFA73F0D2C87BF4D00631D21 /* Assets.xcassets in Resources */,
			);
			runOnlyForDeploymentPostprocessing = 0;
		};
		FFA73F142C87BF4E00631D21 /* Resources */ = {
			isa = PBXResourcesBuildPhase;
			buildActionMask = 2147483647;
			files = (
			);
			runOnlyForDeploymentPostprocessing = 0;
		};
		FFA73F1E2C87BF4E00631D21 /* Resources */ = {
			isa = PBXResourcesBuildPhase;
			buildActionMask = 2147483647;
			files = (
			);
			runOnlyForDeploymentPostprocessing = 0;
		};
/* End PBXResourcesBuildPhase section */

/* Begin PBXSourcesBuildPhase section */
		FFA73F012C87BF4C00631D21 /* Sources */ = {
			isa = PBXSourcesBuildPhase;
			buildActionMask = 2147483647;
			files = (
				FFA73F0B2C87BF4C00631D21 /* ContentView.swift in Sources */,
				FFA73F092C87BF4C00631D21 /* XcodeEnvSetupApp.swift in Sources */,
			);
			runOnlyForDeploymentPostprocessing = 0;
		};
		FFA73F122C87BF4E00631D21 /* Sources */ = {
			isa = PBXSourcesBuildPhase;
			buildActionMask = 2147483647;
			files = (
				FFA73F1B2C87BF4E00631D21 /* XcodeEnvSetupTests.swift in Sources */,
			);
			runOnlyForDeploymentPostprocessing = 0;
		};
		FFA73F1C2C87BF4E00631D21 /* Sources */ = {
			isa = PBXSourcesBuildPhase;
			buildActionMask = 2147483647;
			files = (
				FFA73F272C87BF4E00631D21 /* XcodeEnvSetupUITestsLaunchTests.swift in Sources */,
				FFA73F252C87BF4E00631D21 /* XcodeEnvSetupUITests.swift in Sources */,
			);
			runOnlyForDeploymentPostprocessing = 0;
		};
/* End PBXSourcesBuildPhase section */

/* Begin PBXTargetDependency section */
		FFA73F182C87BF4E00631D21 /* PBXTargetDependency */ = {
			isa = PBXTargetDependency;
			target = FFA73F042C87BF4C00631D21 /* XcodeEnvSetup */;
			targetProxy = FFA73F172C87BF4E00631D21 /* PBXContainerItemProxy */;
		};
		FFA73F222C87BF4E00631D21 /* PBXTargetDependency */ = {
			isa = PBXTargetDependency;
			target = FFA73F042C87BF4C00631D21 /* XcodeEnvSetup */;
			targetProxy = FFA73F212C87BF4E00631D21 /* PBXContainerItemProxy */;
		};
/* End PBXTargetDependency section */

/* Begin XCBuildConfiguration section */
		FFA73F282C87BF4E00631D21 /* Debug */ = {
			isa = XCBuildConfiguration;
			buildSettings = {
				ALWAYS_SEARCH_USER_PATHS = NO;
				ASSETCATALOG_COMPILER_GENERATE_SWIFT_ASSET_SYMBOL_EXTENSIONS = YES;
				CLANG_ANALYZER_NONNULL = YES;
				CLANG_ANALYZER_NUMBER_OBJECT_CONVERSION = YES_AGGRESSIVE;
				CLANG_CXX_LANGUAGE_STANDARD = "gnu++20";
				CLANG_ENABLE_MODULES = YES;
				CLANG_ENABLE_OBJC_ARC = YES;
				CLANG_ENABLE_OBJC_WEAK = YES;
				CLANG_WARN_BLOCK_CAPTURE_AUTORELEASING = YES;
				CLANG_WARN_BOOL_CONVERSION = YES;
				CLANG_WARN_COMMA = YES;
				CLANG_WARN_CONSTANT_CONVERSION = YES;
				CLANG_WARN_DEPRECATED_OBJC_IMPLEMENTATIONS = YES;
				CLANG_WARN_DIRECT_OBJC_ISA_USAGE = YES_ERROR;
				CLANG_WARN_DOCUMENTATION_COMMENTS = YES;
				CLANG_WARN_EMPTY_BODY = YES;
				CLANG_WARN_ENUM_CONVERSION = YES;
				CLANG_WARN_INFINITE_RECURSION = YES;
				CLANG_WARN_INT_CONVERSION = YES;
				CLANG_WARN_NON_LITERAL_NULL_CONVERSION = YES;
				CLANG_WARN_OBJC_IMPLICIT_RETAIN_SELF = YES;
				CLANG_WARN_OBJC_LITERAL_CONVERSION = YES;
				CLANG_WARN_OBJC_ROOT_CLASS = YES_ERROR;
				CLANG_WARN_QUOTED_INCLUDE_IN_FRAMEWORK_HEADER = YES;
				CLANG_WARN_RANGE_LOOP_ANALYSIS = YES;
				CLANG_WARN_STRICT_PROTOTYPES = YES;
				CLANG_WARN_SUSPICIOUS_MOVE = YES;
				CLANG_WARN_UNGUARDED_AVAILABILITY = YES_AGGRESSIVE;
				CLANG_WARN_UNREACHABLE_CODE = YES;
				CLANG_WARN__DUPLICATE_METHOD_MATCH = YES;
				COPY_PHASE_STRIP = NO;
				DEBUG_INFORMATION_FORMAT = dwarf;
				ENABLE_STRICT_OBJC_MSGSEND = YES;
				ENABLE_TESTABILITY = YES;
				ENABLE_USER_SCRIPT_SANDBOXING = YES;
				GCC_C_LANGUAGE_STANDARD = gnu17;
				GCC_DYNAMIC_NO_PIC = NO;
				GCC_NO_COMMON_BLOCKS = YES;
				GCC_OPTIMIZATION_LEVEL = 0;
				GCC_PREPROCESSOR_DEFINITIONS = (
					"DEBUG=1",
					"$(inherited)",
				);
				GCC_WARN_64_TO_32_BIT_CONVERSION = YES;
				GCC_WARN_ABOUT_RETURN_TYPE = YES_ERROR;
				GCC_WARN_UNDECLARED_SELECTOR = YES;
				GCC_WARN_UNINITIALIZED_AUTOS = YES_AGGRESSIVE;
				GCC_WARN_UNUSED_FUNCTION = YES;
				GCC_WARN_UNUSED_VARIABLE = YES;
				LOCALIZATION_PREFERS_STRING_CATALOGS = YES;
				MTL_ENABLE_DEBUG_INFO = INCLUDE_SOURCE;
				MTL_FAST_MATH = YES;
				ONLY_ACTIVE_ARCH = YES;
				SWIFT_ACTIVE_COMPILATION_CONDITIONS = "DEBUG $(inherited)";
				SWIFT_OPTIMIZATION_LEVEL = "-Onone";
			};
			name = Debug;
		};
		FFA73F292C87BF4E00631D21 /* Release */ = {
			isa = XCBuildConfiguration;
			buildSettings = {
				ALWAYS_SEARCH_USER_PATHS = NO;
				ASSETCATALOG_COMPILER_GENERATE_SWIFT_ASSET_SYMBOL_EXTENSIONS = YES;
				CLANG_ANALYZER_NONNULL = YES;
				CLANG_ANALYZER_NUMBER_OBJECT_CONVERSION = YES_AGGRESSIVE;
				CLANG_CXX_LANGUAGE_STANDARD = "gnu++20";
				CLANG_ENABLE_MODULES = YES;
				CLANG_ENABLE_OBJC_ARC = YES;
				CLANG_ENABLE_OBJC_WEAK = YES;
				CLANG_WARN_BLOCK_CAPTURE_AUTORELEASING = YES;
				CLANG_WARN_BOOL_CONVERSION = YES;
				CLANG_WARN_COMMA = YES;
				CLANG_WARN_CONSTANT_CONVERSION = YES;
				CLANG_WARN_DEPRECATED_OBJC_IMPLEMENTATIONS = YES;
				CLANG_WARN_DIRECT_OBJC_ISA_USAGE = YES_ERROR;
				CLANG_WARN_DOCUMENTATION_COMMENTS = YES;
				CLANG_WARN_EMPTY_BODY = YES;
				CLANG_WARN_ENUM_CONVERSION = YES;
				CLANG_WARN_INFINITE_RECURSION = YES;
				CLANG_WARN_INT_CONVERSION = YES;
				CLANG_WARN_NON_LITERAL_NULL_CONVERSION = YES;
				CLANG_WARN_OBJC_IMPLICIT_RETAIN_SELF = YES;
				CLANG_WARN_OBJC_LITERAL_CONVERSION = YES;
				CLANG_WARN_OBJC_ROOT_CLASS = YES_ERROR;
				CLANG_WARN_QUOTED_INCLUDE_IN_FRAMEWORK_HEADER = YES;
				CLANG_WARN_RANGE_LOOP_ANALYSIS = YES;
				CLANG_WARN_STRICT_PROTOTYPES = YES;
				CLANG_WARN_SUSPICIOUS_MOVE = YES;
				CLANG_WARN_UNGUARDED_AVAILABILITY = YES_AGGRESSIVE;
				CLANG_WARN_UNREACHABLE_CODE = YES;
				CLANG_WARN__DUPLICATE_METHOD_MATCH = YES;
				COPY_PHASE_STRIP = NO;
				DEBUG_INFORMATION_FORMAT = "dwarf-with-dsym";
				ENABLE_NS_ASSERTIONS = NO;
				ENABLE_STRICT_OBJC_MSGSEND = YES;
				ENABLE_USER_SCRIPT_SANDBOXING = YES;
				GCC_C_LANGUAGE_STANDARD = gnu17;
				GCC_NO_COMMON_BLOCKS = YES;
				GCC_WARN_64_TO_32_BIT_CONVERSION = YES;
				GCC_WARN_ABOUT_RETURN_TYPE = YES_ERROR;
				GCC_WARN_UNDECLARED_SELECTOR = YES;
				GCC_WARN_UNINITIALIZED_AUTOS = YES_AGGRESSIVE;
				GCC_WARN_UNUSED_FUNCTION = YES;
				GCC_WARN_UNUSED_VARIABLE = YES;
				LOCALIZATION_PREFERS_STRING_CATALOGS = YES;
				MTL_ENABLE_DEBUG_INFO = NO;
				MTL_FAST_MATH = YES;
				SWIFT_COMPILATION_MODE = wholemodule;
			};
			name = Release;
		};
		FFA73F2B2C87BF4E00631D21 /* Debug */ = {
			isa = XCBuildConfiguration;
			buildSettings = {
				ASSETCATALOG_COMPILER_APPICON_NAME = AppIcon;
				ASSETCATALOG_COMPILER_GLOBAL_ACCENT_COLOR_NAME = AccentColor;
				CODE_SIGN_ENTITLEMENTS = XcodeEnvSetup/XcodeEnvSetup.entitlements;
				CODE_SIGN_STYLE = Automatic;
				CURRENT_PROJECT_VERSION = 1;
				DEVELOPMENT_ASSET_PATHS = "\"XcodeEnvSetup/Preview Content\"";
				DEVELOPMENT_TEAM = "";
				ENABLE_HARDENED_RUNTIME = YES;
				ENABLE_PREVIEWS = YES;
				GENERATE_INFOPLIST_FILE = YES;
				"INFOPLIST_KEY_UIApplicationSceneManifest_Generation[sdk=iphoneos*]" = YES;
				"INFOPLIST_KEY_UIApplicationSceneManifest_Generation[sdk=iphonesimulator*]" = YES;
				"INFOPLIST_KEY_UIApplicationSupportsIndirectInputEvents[sdk=iphoneos*]" = YES;
				"INFOPLIST_KEY_UIApplicationSupportsIndirectInputEvents[sdk=iphonesimulator*]" = YES;
				"INFOPLIST_KEY_UILaunchScreen_Generation[sdk=iphoneos*]" = YES;
				"INFOPLIST_KEY_UILaunchScreen_Generation[sdk=iphonesimulator*]" = YES;
				"INFOPLIST_KEY_UIStatusBarStyle[sdk=iphoneos*]" = UIStatusBarStyleDefault;
				"INFOPLIST_KEY_UIStatusBarStyle[sdk=iphonesimulator*]" = UIStatusBarStyleDefault;
				INFOPLIST_KEY_UISupportedInterfaceOrientations_iPad = "UIInterfaceOrientationPortrait UIInterfaceOrientationPortraitUpsideDown UIInterfaceOrientationLandscapeLeft UIInterfaceOrientationLandscapeRight";
				INFOPLIST_KEY_UISupportedInterfaceOrientations_iPhone = "UIInterfaceOrientationPortrait UIInterfaceOrientationLandscapeLeft UIInterfaceOrientationLandscapeRight";
				IPHONEOS_DEPLOYMENT_TARGET = 17.5;
				LD_RUNPATH_SEARCH_PATHS = "@executable_path/Frameworks";
				"LD_RUNPATH_SEARCH_PATHS[sdk=macosx*]" = "@executable_path/../Frameworks";
				MACOSX_DEPLOYMENT_TARGET = 14.4;
				MARKETING_VERSION = 1.0;
				PRODUCT_BUNDLE_IDENTIFIER = club.gtios.XcodeEnvSetup;
				PRODUCT_NAME = "$(TARGET_NAME)";
				SDKROOT = auto;
				SUPPORTED_PLATFORMS = "iphoneos iphonesimulator macosx";
				SWIFT_EMIT_LOC_STRINGS = YES;
				SWIFT_VERSION = 5.0;
				TARGETED_DEVICE_FAMILY = "1,2";
			};
			name = Debug;
		};
		FFA73F2C2C87BF4E00631D21 /* Release */ = {
			isa = XCBuildConfiguration;
			buildSettings = {
				ASSETCATALOG_COMPILER_APPICON_NAME = AppIcon;
				ASSETCATALOG_COMPILER_GLOBAL_ACCENT_COLOR_NAME = AccentColor;
				CODE_SIGN_ENTITLEMENTS = XcodeEnvSetup/XcodeEnvSetup.entitlements;
				CODE_SIGN_STYLE = Automatic;
				CURRENT_PROJECT_VERSION = 1;
				DEVELOPMENT_ASSET_PATHS = "\"XcodeEnvSetup/Preview Content\"";
				DEVELOPMENT_TEAM = "";
				ENABLE_HARDENED_RUNTIME = YES;
				ENABLE_PREVIEWS = YES;
				GENERATE_INFOPLIST_FILE = YES;
				"INFOPLIST_KEY_UIApplicationSceneManifest_Generation[sdk=iphoneos*]" = YES;
				"INFOPLIST_KEY_UIApplicationSceneManifest_Generation[sdk=iphonesimulator*]" = YES;
				"INFOPLIST_KEY_UIApplicationSupportsIndirectInputEvents[sdk=iphoneos*]" = YES;
				"INFOPLIST_KEY_UIApplicationSupportsIndirectInputEvents[sdk=iphonesimulator*]" = YES;
				"INFOPLIST_KEY_UILaunchScreen_Generation[sdk=iphoneos*]" = YES;
				"INFOPLIST_KEY_UILaunchScreen_Generation[sdk=iphonesimulator*]" = YES;
				"INFOPLIST_KEY_UIStatusBarStyle[sdk=iphoneos*]" = UIStatusBarStyleDefault;
				"INFOPLIST_KEY_UIStatusBarStyle[sdk=iphonesimulator*]" = UIStatusBarStyleDefault;
				INFOPLIST_KEY_UISupportedInterfaceOrientations_iPad = "UIInterfaceOrientationPortrait UIInterfaceOrientationPortraitUpsideDown UIInterfaceOrientationLandscapeLeft UIInterfaceOrientationLandscapeRight";
				INFOPLIST_KEY_UISupportedInterfaceOrientations_iPhone = "UIInterfaceOrientationPortrait UIInterfaceOrientationLandscapeLeft UIInterfaceOrientationLandscapeRight";
				IPHONEOS_DEPLOYMENT_TARGET = 17.5;
				LD_RUNPATH_SEARCH_PATHS = "@executable_path/Frameworks";
				"LD_RUNPATH_SEARCH_PATHS[sdk=macosx*]" = "@executable_path/../Frameworks";
				MACOSX_DEPLOYMENT_TARGET = 14.4;
				MARKETING_VERSION = 1.0;
				PRODUCT_BUNDLE_IDENTIFIER = club.gtios.XcodeEnvSetup;
				PRODUCT_NAME = "$(TARGET_NAME)";
				SDKROOT = auto;
				SUPPORTED_PLATFORMS = "iphoneos iphonesimulator macosx";
				SWIFT_EMIT_LOC_STRINGS = YES;
				SWIFT_VERSION = 5.0;
				TARGETED_DEVICE_FAMILY = "1,2";
			};
			name = Release;
		};
		FFA73F2E2C87BF4E00631D21 /* Debug */ = {
			isa = XCBuildConfiguration;
			buildSettings = {
				ALWAYS_EMBED_SWIFT_STANDARD_LIBRARIES = YES;
				BUNDLE_LOADER = "$(TEST_HOST)";
				CODE_SIGN_STYLE = Automatic;
				CURRENT_PROJECT_VERSION = 1;
				DEVELOPMENT_TEAM = Y7NL9XLUR5;
				GENERATE_INFOPLIST_FILE = YES;
				IPHONEOS_DEPLOYMENT_TARGET = 17.5;
				MACOSX_DEPLOYMENT_TARGET = 14.4;
				MARKETING_VERSION = 1.0;
				PRODUCT_BUNDLE_IDENTIFIER = club.gtios.XcodeEnvSetupTests;
				PRODUCT_NAME = "$(TARGET_NAME)";
				SDKROOT = auto;
				SUPPORTED_PLATFORMS = "iphoneos iphonesimulator macosx";
				SWIFT_EMIT_LOC_STRINGS = NO;
				SWIFT_VERSION = 5.0;
				TARGETED_DEVICE_FAMILY = "1,2";
				TEST_HOST = "$(BUILT_PRODUCTS_DIR)/XcodeEnvSetup.app/$(BUNDLE_EXECUTABLE_FOLDER_PATH)/XcodeEnvSetup";
			};
			name = Debug;
		};
		FFA73F2F2C87BF4E00631D21 /* Release */ = {
			isa = XCBuildConfiguration;
			buildSettings = {
				ALWAYS_EMBED_SWIFT_STANDARD_LIBRARIES = YES;
				BUNDLE_LOADER = "$(TEST_HOST)";
				CODE_SIGN_STYLE = Automatic;
				CURRENT_PROJECT_VERSION = 1;
				DEVELOPMENT_TEAM = Y7NL9XLUR5;
				GENERATE_INFOPLIST_FILE = YES;
				IPHONEOS_DEPLOYMENT_TARGET = 17.5;
				MACOSX_DEPLOYMENT_TARGET = 14.4;
				MARKETING_VERSION = 1.0;
				PRODUCT_BUNDLE_IDENTIFIER = club.gtios.XcodeEnvSetupTests;
				PRODUCT_NAME = "$(TARGET_NAME)";
				SDKROOT = auto;
				SUPPORTED_PLATFORMS = "iphoneos iphonesimulator macosx";
				SWIFT_EMIT_LOC_STRINGS = NO;
				SWIFT_VERSION = 5.0;
				TARGETED_DEVICE_FAMILY = "1,2";
				TEST_HOST = "$(BUILT_PRODUCTS_DIR)/XcodeEnvSetup.app/$(BUNDLE_EXECUTABLE_FOLDER_PATH)/XcodeEnvSetup";
			};
			name = Release;
		};
		FFA73F312C87BF4E00631D21 /* Debug */ = {
			isa = XCBuildConfiguration;
			buildSettings = {
				ALWAYS_EMBED_SWIFT_STANDARD_LIBRARIES = YES;
				CODE_SIGN_STYLE = Automatic;
				CURRENT_PROJECT_VERSION = 1;
				DEVELOPMENT_TEAM = Y7NL9XLUR5;
				GENERATE_INFOPLIST_FILE = YES;
				IPHONEOS_DEPLOYMENT_TARGET = 17.5;
				MACOSX_DEPLOYMENT_TARGET = 14.4;
				MARKETING_VERSION = 1.0;
				PRODUCT_BUNDLE_IDENTIFIER = club.gtios.XcodeEnvSetupUITests;
				PRODUCT_NAME = "$(TARGET_NAME)";
				SDKROOT = auto;
				SUPPORTED_PLATFORMS = "iphoneos iphonesimulator macosx";
				SWIFT_EMIT_LOC_STRINGS = NO;
				SWIFT_VERSION = 5.0;
				TARGETED_DEVICE_FAMILY = "1,2";
				TEST_TARGET_NAME = XcodeEnvSetup;
			};
			name = Debug;
		};
		FFA73F322C87BF4E00631D21 /* Release */ = {
			isa = XCBuildConfiguration;
			buildSettings = {
				ALWAYS_EMBED_SWIFT_STANDARD_LIBRARIES = YES;
				CODE_SIGN_STYLE = Automatic;
				CURRENT_PROJECT_VERSION = 1;
				DEVELOPMENT_TEAM = Y7NL9XLUR5;
				GENERATE_INFOPLIST_FILE = YES;
				IPHONEOS_DEPLOYMENT_TARGET = 17.5;
				MACOSX_DEPLOYMENT_TARGET = 14.4;
				MARKETING_VERSION = 1.0;
				PRODUCT_BUNDLE_IDENTIFIER = club.gtios.XcodeEnvSetupUITests;
				PRODUCT_NAME = "$(TARGET_NAME)";
				SDKROOT = auto;
				SUPPORTED_PLATFORMS = "iphoneos iphonesimulator macosx";
				SWIFT_EMIT_LOC_STRINGS = NO;
				SWIFT_VERSION = 5.0;
				TARGETED_DEVICE_FAMILY = "1,2";
				TEST_TARGET_NAME = XcodeEnvSetup;
			};
			name = Release;
		};
/* End XCBuildConfiguration section */

/* Begin XCConfigurationList section */
		FFA73F002C87BF4B00631D21 /* Build configuration list for PBXProject "XcodeEnvSetup" */ = {
			isa = XCConfigurationList;
			buildConfigurations = (
				FFA73F282C87BF4E00631D21 /* Debug */,
				FFA73F292C87BF4E00631D21 /* Release */,
			);
			defaultConfigurationIsVisible = 0;
			defaultConfigurationName = Release;
		};
		FFA73F2A2C87BF4E00631D21 /* Build configuration list for PBXNativeTarget "XcodeEnvSetup" */ = {
			isa = XCConfigurationList;
			buildConfigurations = (
				FFA73F2B2C87BF4E00631D21 /* Debug */,
				FFA73F2C2C87BF4E00631D21 /* Release */,
			);
			defaultConfigurationIsVisible = 0;
			defaultConfigurationName = Release;
		};
		FFA73F2D2C87BF4E00631D21 /* Build configuration list for PBXNativeTarget "XcodeEnvSetupTests" */ = {
			isa = XCConfigurationList;
			buildConfigurations = (
				FFA73F2E2C87BF4E00631D21 /* Debug */,
				FFA73F2F2C87BF4E00631D21 /* Release */,
			);
			defaultConfigurationIsVisible = 0;
			defaultConfigurationName = Release;
		};
		FFA73F302C87BF4E00631D21 /* Build configuration list for PBXNativeTarget "XcodeEnvSetupUITests" */ = {
			isa = XCConfigurationList;
			buildConfigurations = (
				FFA73F312C87BF4E00631D21 /* Debug */,
				FFA73F322C87BF4E00631D21 /* Release */,
			);
			defaultConfigurationIsVisible = 0;
			defaultConfigurationName = Release;
		};
/* End XCConfigurationList section */
	};
	rootObject = FFA73EFD2C87BF4B00631D21 /* Project object */;
}
